
Microsoft Visual Studio Solution File, Format Version 12.00
# Visual Studio Version 17
VisualStudioVersion = 17.10.35027.167
MinimumVisualStudioVersion = 10.0.40219.1
Project("{FAE04EC0-301F-11D3-BF4B-00C04F79EFBC}") = "3_Marca_PochimonsFuncionales", "3_Marca_PochimonsFuncionales\3_Marca_PochimonsFuncionales.csproj", "{C95A6626-9012-4B0F-BE75-63906F00C866}"
EndProject
Global
	GlobalSection(SolutionConfigurationPlatforms) = preSolution
		Debug|Any CPU = Debug|Any CPU
		Release|Any CPU = Release|Any CPU
	EndGlobalSection
	GlobalSection(ProjectConfigurationPlatforms) = postSolution
		{C95A6626-9012-4B0F-BE75-63906F00C866}.Debug|Any CPU.ActiveCfg = Debug|Any CPU
		{C95A6626-9012-4B0F-BE75-63906F00C866}.Debug|Any CPU.Build.0 = Debug|Any CPU
		{C95A6626-9012-4B0F-BE75-63906F00C866}.Release|Any CPU.ActiveCfg = Release|Any CPU
		{C95A6626-9012-4B0F-BE75-63906F00C866}.Release|Any CPU.Build.0 = Release|Any CPU
	EndGlobalSection
	GlobalSection(SolutionProperties) = preSolution
		HideSolutionNode = FALSE
	EndGlobalSection
	GlobalSection(ExtensibilityGlobals) = postSolution
		SolutionGuid = {99C7BFDC-5102-4A90-ABEE-738AFE988033}
	EndGlobalSection
EndGlobal
