
Microsoft Visual Studio Solution File, Format Version 12.00
# Visual Studio Version 17
VisualStudioVersion = 17.10.35027.167
MinimumVisualStudioVersion = 10.0.40219.1
Project("{FAE04EC0-301F-11D3-BF4B-00C04F79EFBC}") = "3_Marca_VueltaAClases", "3_Marca_VueltaAClases\3_Marca_VueltaAClases.csproj", "{D8988D7A-CF64-4E41-909D-C2E02752F59B}"
EndProject
Global
	GlobalSection(SolutionConfigurationPlatforms) = preSolution
		Debug|Any CPU = Debug|Any CPU
		Release|Any CPU = Release|Any CPU
	EndGlobalSection
	GlobalSection(ProjectConfigurationPlatforms) = postSolution
		{D8988D7A-CF64-4E41-909D-C2E02752F59B}.Debug|Any CPU.ActiveCfg = Debug|Any CPU
		{D8988D7A-CF64-4E41-909D-C2E02752F59B}.Debug|Any CPU.Build.0 = Debug|Any CPU
		{D8988D7A-CF64-4E41-909D-C2E02752F59B}.Release|Any CPU.ActiveCfg = Release|Any CPU
		{D8988D7A-CF64-4E41-909D-C2E02752F59B}.Release|Any CPU.Build.0 = Release|Any CPU
	EndGlobalSection
	GlobalSection(SolutionProperties) = preSolution
		HideSolutionNode = FALSE
	EndGlobalSection
	GlobalSection(ExtensibilityGlobals) = postSolution
		SolutionGuid = {85B38E11-213B-4F8C-9292-3F06D8D723EC}
	EndGlobalSection
EndGlobal
